// !$*UTF8*$!
{
	archiveVersion = 1;
	classes = {
	};
	objectVersion = 46;
	objects = {

/* Begin PBXBuildFile section */
		09194457B1E5FE7EC3FABA9A /* libPods-StrangerThingsGIFMaker.a in Frameworks */ = {isa = PBXBuildFile; fileRef = 485E7FBD2F53BB5151349CC6 /* libPods-StrangerThingsGIFMaker.a */; };
		5B5C9BB31E3ACE9B00379E93 /* Assets.xcassets in Resources */ = {isa = PBXBuildFile; fileRef = 5B5C9BB21E3ACE9B00379E93 /* Assets.xcassets */; };
		5B87DC2C1D503F5B002B34B4 /* main.m in Sources */ = {isa = PBXBuildFile; fileRef = 5B87DC2B1D503F5B002B34B4 /* main.m */; };
		5B87DC2F1D503F5B002B34B4 /* AppDelegate.m in Sources */ = {isa = PBXBuildFile; fileRef = 5B87DC2E1D503F5B002B34B4 /* AppDelegate.m */; };
		5B87DC321D503F5B002B34B4 /* ViewController.m in Sources */ = {isa = PBXBuildFile; fileRef = 5B87DC311D503F5B002B34B4 /* ViewController.m */; };
		5B87DC351D503F5B002B34B4 /* Main.storyboard in Resources */ = {isa = PBXBuildFile; fileRef = 5B87DC331D503F5B002B34B4 /* Main.storyboard */; };
		5B87DC3A1D503F5B002B34B4 /* LaunchScreen.storyboard in Resources */ = {isa = PBXBuildFile; fileRef = 5B87DC381D503F5B002B34B4 /* LaunchScreen.storyboard */; };
		5B9EA97F1D7E6AA1002E82C8 /* UIImage+animatedGIF.m in Sources */ = {isa = PBXBuildFile; fileRef = 5B9EA97E1D7E6AA1002E82C8 /* UIImage+animatedGIF.m */; };
		5B9EA9811D7E6ACC002E82C8 /* ImageIO.framework in Frameworks */ = {isa = PBXBuildFile; fileRef = 5B9EA9801D7E6ACC002E82C8 /* ImageIO.framework */; };
		5BC720201D7BCF9200963CB8 /* ExportGIFViewController.m in Sources */ = {isa = PBXBuildFile; fileRef = 5BC7201F1D7BCF9200963CB8 /* ExportGIFViewController.m */; };
/* End PBXBuildFile section */

/* Begin PBXFileReference section */
		207E7C4E7EC31CADAF6DA1FD /* Pods-StrangerThingsGIFMaker.debug.xcconfig */ = {isa = PBXFileReference; includeInIndex = 1; lastKnownFileType = text.xcconfig; name = "Pods-StrangerThingsGIFMaker.debug.xcconfig"; path = "Pods/Target Support Files/Pods-StrangerThingsGIFMaker/Pods-StrangerThingsGIFMaker.debug.xcconfig"; sourceTree = "<group>"; };
		485E7FBD2F53BB5151349CC6 /* libPods-StrangerThingsGIFMaker.a */ = {isa = PBXFileReference; explicitFileType = archive.ar; includeInIndex = 0; path = "libPods-StrangerThingsGIFMaker.a"; sourceTree = BUILT_PRODUCTS_DIR; };
		5B5C9BB21E3ACE9B00379E93 /* Assets.xcassets */ = {isa = PBXFileReference; lastKnownFileType = folder.assetcatalog; path = Assets.xcassets; sourceTree = "<group>"; };
		5B87DC271D503F5B002B34B4 /* StrangerThingsGIFMaker.app */ = {isa = PBXFileReference; explicitFileType = wrapper.application; includeInIndex = 0; path = StrangerThingsGIFMaker.app; sourceTree = BUILT_PRODUCTS_DIR; };
		5B87DC2B1D503F5B002B34B4 /* main.m */ = {isa = PBXFileReference; lastKnownFileType = sourcecode.c.objc; path = main.m; sourceTree = "<group>"; };
		5B87DC2D1D503F5B002B34B4 /* AppDelegate.h */ = {isa = PBXFileReference; lastKnownFileType = sourcecode.c.h; path = AppDelegate.h; sourceTree = "<group>"; };
		5B87DC2E1D503F5B002B34B4 /* AppDelegate.m */ = {isa = PBXFileReference; lastKnownFileType = sourcecode.c.objc; path = AppDelegate.m; sourceTree = "<group>"; };
		5B87DC301D503F5B002B34B4 /* ViewController.h */ = {isa = PBXFileReference; lastKnownFileType = sourcecode.c.h; path = ViewController.h; sourceTree = "<group>"; };
		5B87DC311D503F5B002B34B4 /* ViewController.m */ = {isa = PBXFileReference; lastKnownFileType = sourcecode.c.objc; path = ViewController.m; sourceTree = "<group>"; };
		5B87DC341D503F5B002B34B4 /* Base */ = {isa = PBXFileReference; lastKnownFileType = file.storyboard; name = Base; path = Base.lproj/Main.storyboard; sourceTree = "<group>"; };
		5B87DC391D503F5B002B34B4 /* Base */ = {isa = PBXFileReference; lastKnownFileType = file.storyboard; name = Base; path = Base.lproj/LaunchScreen.storyboard; sourceTree = "<group>"; };
		5B87DC3B1D503F5B002B34B4 /* Info.plist */ = {isa = PBXFileReference; lastKnownFileType = text.plist.xml; path = Info.plist; sourceTree = "<group>"; };
		5B9EA97D1D7E6AA1002E82C8 /* UIImage+animatedGIF.h */ = {isa = PBXFileReference; fileEncoding = 4; lastKnownFileType = sourcecode.c.h; path = "UIImage+animatedGIF.h"; sourceTree = "<group>"; };
		5B9EA97E1D7E6AA1002E82C8 /* UIImage+animatedGIF.m */ = {isa = PBXFileReference; fileEncoding = 4; lastKnownFileType = sourcecode.c.objc; path = "UIImage+animatedGIF.m"; sourceTree = "<group>"; };
		5B9EA9801D7E6ACC002E82C8 /* ImageIO.framework */ = {isa = PBXFileReference; lastKnownFileType = wrapper.framework; name = ImageIO.framework; path = System/Library/Frameworks/ImageIO.framework; sourceTree = SDKROOT; };
		5BC7201E1D7BCF9200963CB8 /* ExportGIFViewController.h */ = {isa = PBXFileReference; fileEncoding = 4; lastKnownFileType = sourcecode.c.h; path = ExportGIFViewController.h; sourceTree = "<group>"; };
		5BC7201F1D7BCF9200963CB8 /* ExportGIFViewController.m */ = {isa = PBXFileReference; fileEncoding = 4; lastKnownFileType = sourcecode.c.objc; path = ExportGIFViewController.m; sourceTree = "<group>"; };
		D8CD6391B9B355721F92C718 /* Pods-StrangerThingsGIFMaker.release.xcconfig */ = {isa = PBXFileReference; includeInIndex = 1; lastKnownFileType = text.xcconfig; name = "Pods-StrangerThingsGIFMaker.release.xcconfig"; path = "Pods/Target Support Files/Pods-StrangerThingsGIFMaker/Pods-StrangerThingsGIFMaker.release.xcconfig"; sourceTree = "<group>"; };
/* End PBXFileReference section */

/* Begin PBXFrameworksBuildPhase section */
		5B87DC241D503F5B002B34B4 /* Frameworks */ = {
			isa = PBXFrameworksBuildPhase;
			buildActionMask = 2147483647;
			files = (
				5B9EA9811D7E6ACC002E82C8 /* ImageIO.framework in Frameworks */,
				09194457B1E5FE7EC3FABA9A /* libPods-StrangerThingsGIFMaker.a in Frameworks */,
			);
			runOnlyForDeploymentPostprocessing = 0;
		};
/* End PBXFrameworksBuildPhase section */

/* Begin PBXGroup section */
		309824E929C7FC5963285550 /* Pods */ = {
			isa = PBXGroup;
			children = (
				207E7C4E7EC31CADAF6DA1FD /* Pods-StrangerThingsGIFMaker.debug.xcconfig */,
				D8CD6391B9B355721F92C718 /* Pods-StrangerThingsGIFMaker.release.xcconfig */,
			);
			name = Pods;
			sourceTree = "<group>";
		};
		5B87DC1E1D503F5B002B34B4 = {
			isa = PBXGroup;
			children = (
				5B87DC291D503F5B002B34B4 /* StrangerThingsGIFMaker */,
				5B87DC281D503F5B002B34B4 /* Products */,
				309824E929C7FC5963285550 /* Pods */,
				FE9D82F7C4F3CDF079E25292 /* Frameworks */,
			);
			sourceTree = "<group>";
		};
		5B87DC281D503F5B002B34B4 /* Products */ = {
			isa = PBXGroup;
			children = (
				5B87DC271D503F5B002B34B4 /* StrangerThingsGIFMaker.app */,
			);
			name = Products;
			sourceTree = "<group>";
		};
		5B87DC291D503F5B002B34B4 /* StrangerThingsGIFMaker */ = {
			isa = PBXGroup;
			children = (
				5B87DC2D1D503F5B002B34B4 /* AppDelegate.h */,
				5B87DC2E1D503F5B002B34B4 /* AppDelegate.m */,
				5B87DC301D503F5B002B34B4 /* ViewController.h */,
				5B87DC311D503F5B002B34B4 /* ViewController.m */,
				5BC7201E1D7BCF9200963CB8 /* ExportGIFViewController.h */,
				5BC7201F1D7BCF9200963CB8 /* ExportGIFViewController.m */,
				5B87DC331D503F5B002B34B4 /* Main.storyboard */,
				5B87DC381D503F5B002B34B4 /* LaunchScreen.storyboard */,
				5B5C9BB21E3ACE9B00379E93 /* Assets.xcassets */,
				5B87DC3B1D503F5B002B34B4 /* Info.plist */,
				5B87DC2A1D503F5B002B34B4 /* Supporting Files */,
			);
			path = StrangerThingsGIFMaker;
			sourceTree = "<group>";
		};
		5B87DC2A1D503F5B002B34B4 /* Supporting Files */ = {
			isa = PBXGroup;
			children = (
				5B9EA9801D7E6ACC002E82C8 /* ImageIO.framework */,
				5B9EA97D1D7E6AA1002E82C8 /* UIImage+animatedGIF.h */,
				5B9EA97E1D7E6AA1002E82C8 /* UIImage+animatedGIF.m */,
				5B87DC2B1D503F5B002B34B4 /* main.m */,
			);
			name = "Supporting Files";
			sourceTree = "<group>";
		};
		FE9D82F7C4F3CDF079E25292 /* Frameworks */ = {
			isa = PBXGroup;
			children = (
				485E7FBD2F53BB5151349CC6 /* libPods-StrangerThingsGIFMaker.a */,
			);
			name = Frameworks;
			sourceTree = "<group>";
		};
/* End PBXGroup section */

/* Begin PBXNativeTarget section */
		5B87DC261D503F5B002B34B4 /* StrangerThingsGIFMaker */ = {
			isa = PBXNativeTarget;
			buildConfigurationList = 5B87DC3E1D503F5B002B34B4 /* Build configuration list for PBXNativeTarget "StrangerThingsGIFMaker" */;
			buildPhases = (
				AF89C897F0146D5539087EED /* [CP] Check Pods Manifest.lock */,
				5B87DC231D503F5B002B34B4 /* Sources */,
				5B87DC241D503F5B002B34B4 /* Frameworks */,
				5B87DC251D503F5B002B34B4 /* Resources */,
				32373A9AF708E7E7CFE174B2 /* [CP] Embed Pods Frameworks */,
				F80FA0638C8E0148DCFC6A0B /* [CP] Copy Pods Resources */,
			);
			buildRules = (
			);
			dependencies = (
			);
			name = StrangerThingsGIFMaker;
			productName = StrangerThingsGIFMaker;
			productReference = 5B87DC271D503F5B002B34B4 /* StrangerThingsGIFMaker.app */;
			productType = "com.apple.product-type.application";
		};
/* End PBXNativeTarget section */

/* Begin PBXProject section */
		5B87DC1F1D503F5B002B34B4 /* Project object */ = {
			isa = PBXProject;
			attributes = {
				LastUpgradeCheck = 0800;
				ORGANIZATIONNAME = "Vitor Sousa";
				TargetAttributes = {
					5B87DC261D503F5B002B34B4 = {
						CreatedOnToolsVersion = 7.3.1;
						DevelopmentTeam = 8NN9L4Q66L;
					};
				};
			};
			buildConfigurationList = 5B87DC221D503F5B002B34B4 /* Build configuration list for PBXProject "StrangerThingsGIFMaker" */;
			compatibilityVersion = "Xcode 3.2";
			developmentRegion = English;
			hasScannedForEncodings = 0;
			knownRegions = (
				en,
				Base,
			);
			mainGroup = 5B87DC1E1D503F5B002B34B4;
			productRefGroup = 5B87DC281D503F5B002B34B4 /* Products */;
			projectDirPath = "";
			projectRoot = "";
			targets = (
				5B87DC261D503F5B002B34B4 /* StrangerThingsGIFMaker */,
			);
		};
/* End PBXProject section */

/* Begin PBXResourcesBuildPhase section */
		5B87DC251D503F5B002B34B4 /* Resources */ = {
			isa = PBXResourcesBuildPhase;
			buildActionMask = 2147483647;
			files = (
				5B87DC3A1D503F5B002B34B4 /* LaunchScreen.storyboard in Resources */,
				5B5C9BB31E3ACE9B00379E93 /* Assets.xcassets in Resources */,
				5B87DC351D503F5B002B34B4 /* Main.storyboard in Resources */,
			);
			runOnlyForDeploymentPostprocessing = 0;
		};
/* End PBXResourcesBuildPhase section */

/* Begin PBXShellScriptBuildPhase section */
		32373A9AF708E7E7CFE174B2 /* [CP] Embed Pods Frameworks */ = {
			isa = PBXShellScriptBuildPhase;
			buildActionMask = 2147483647;
			files = (
			);
			inputPaths = (
			);
			name = "[CP] Embed Pods Frameworks";
			outputPaths = (
			);
			runOnlyForDeploymentPostprocessing = 0;
			shellPath = /bin/sh;
			shellScript = "\"${SRCROOT}/Pods/Target Support Files/Pods-StrangerThingsGIFMaker/Pods-StrangerThingsGIFMaker-frameworks.sh\"\n";
			showEnvVarsInLog = 0;
		};
		AF89C897F0146D5539087EED /* [CP] Check Pods Manifest.lock */ = {
			isa = PBXShellScriptBuildPhase;
			buildActionMask = 2147483647;
			files = (
			);
			inputPaths = (
			);
			name = "[CP] Check Pods Manifest.lock";
			outputPaths = (
			);
			runOnlyForDeploymentPostprocessing = 0;
			shellPath = /bin/sh;
			shellScript = "diff \"${PODS_ROOT}/../Podfile.lock\" \"${PODS_ROOT}/Manifest.lock\" > /dev/null\nif [ $? != 0 ] ; then\n    # print error to STDERR\n    echo \"error: The sandbox is not in sync with the Podfile.lock. Run 'pod install' or update your CocoaPods installation.\" >&2\n    exit 1\nfi\n";
			showEnvVarsInLog = 0;
		};
		F80FA0638C8E0148DCFC6A0B /* [CP] Copy Pods Resources */ = {
			isa = PBXShellScriptBuildPhase;
			buildActionMask = 2147483647;
			files = (
			);
			inputPaths = (
			);
			name = "[CP] Copy Pods Resources";
			outputPaths = (
			);
			runOnlyForDeploymentPostprocessing = 0;
			shellPath = /bin/sh;
			shellScript = "\"${SRCROOT}/Pods/Target Support Files/Pods-StrangerThingsGIFMaker/Pods-StrangerThingsGIFMaker-resources.sh\"\n";
			showEnvVarsInLog = 0;
		};
/* End PBXShellScriptBuildPhase section */

/* Begin PBXSourcesBuildPhase section */
		5B87DC231D503F5B002B34B4 /* Sources */ = {
			isa = PBXSourcesBuildPhase;
			buildActionMask = 2147483647;
			files = (
				5B87DC321D503F5B002B34B4 /* ViewController.m in Sources */,
				5B87DC2F1D503F5B002B34B4 /* AppDelegate.m in Sources */,
				5B87DC2C1D503F5B002B34B4 /* main.m in Sources */,
				5B9EA97F1D7E6AA1002E82C8 /* UIImage+animatedGIF.m in Sources */,
				5BC720201D7BCF9200963CB8 /* ExportGIFViewController.m in Sources */,
			);
			runOnlyForDeploymentPostprocessing = 0;
		};
/* End PBXSourcesBuildPhase section */

/* Begin PBXVariantGroup section */
		5B87DC331D503F5B002B34B4 /* Main.storyboard */ = {
			isa = PBXVariantGroup;
			children = (
				5B87DC341D503F5B002B34B4 /* Base */,
			);
			name = Main.storyboard;
			sourceTree = "<group>";
		};
		5B87DC381D503F5B002B34B4 /* LaunchScreen.storyboard */ = {
			isa = PBXVariantGroup;
			children = (
				5B87DC391D503F5B002B34B4 /* Base */,
			);
			name = LaunchScreen.storyboard;
			sourceTree = "<group>";
		};
/* End PBXVariantGroup section */

/* Begin XCBuildConfiguration section */
		5B87DC3C1D503F5B002B34B4 /* Debug */ = {
			isa = XCBuildConfiguration;
			buildSettings = {
				ALWAYS_SEARCH_USER_PATHS = YES;
				CLANG_ANALYZER_NONNULL = YES;
				CLANG_CXX_LANGUAGE_STANDARD = "gnu++0x";
				CLANG_CXX_LIBRARY = "libc++";
				CLANG_ENABLE_MODULES = YES;
				CLANG_ENABLE_OBJC_ARC = YES;
				CLANG_WARN_BOOL_CONVERSION = YES;
				CLANG_WARN_CONSTANT_CONVERSION = YES;
				CLANG_WARN_DIRECT_OBJC_ISA_USAGE = YES_ERROR;
				CLANG_WARN_EMPTY_BODY = YES;
				CLANG_WARN_ENUM_CONVERSION = YES;
				CLANG_WARN_INFINITE_RECURSION = YES;
				CLANG_WARN_INT_CONVERSION = YES;
				CLANG_WARN_OBJC_ROOT_CLASS = YES_ERROR;
				CLANG_WARN_SUSPICIOUS_MOVE = YES;
				CLANG_WARN_UNREACHABLE_CODE = YES;
				CLANG_WARN__DUPLICATE_METHOD_MATCH = YES;
				"CODE_SIGN_IDENTITY[sdk=iphoneos*]" = "iPhone Developer";
				COPY_PHASE_STRIP = NO;
				DEBUG_INFORMATION_FORMAT = dwarf;
				ENABLE_STRICT_OBJC_MSGSEND = YES;
				ENABLE_TESTABILITY = YES;
				FRAMEWORK_SEARCH_PATHS = "";
				GCC_C_LANGUAGE_STANDARD = gnu99;
				GCC_DYNAMIC_NO_PIC = NO;
				GCC_NO_COMMON_BLOCKS = YES;
				GCC_OPTIMIZATION_LEVEL = 0;
				GCC_PREPROCESSOR_DEFINITIONS = (
					"DEBUG=1",
					"$(inherited)",
				);
				GCC_WARN_64_TO_32_BIT_CONVERSION = YES;
				GCC_WARN_ABOUT_RETURN_TYPE = YES_ERROR;
				GCC_WARN_UNDECLARED_SELECTOR = YES;
				GCC_WARN_UNINITIALIZED_AUTOS = YES_AGGRESSIVE;
				GCC_WARN_UNUSED_FUNCTION = YES;
				GCC_WARN_UNUSED_VARIABLE = YES;
				IPHONEOS_DEPLOYMENT_TARGET = 9.3;
				MTL_ENABLE_DEBUG_INFO = YES;
				ONLY_ACTIVE_ARCH = YES;
				SDKROOT = iphoneos;
			};
			name = Debug;
		};
		5B87DC3D1D503F5B002B34B4 /* Release */ = {
			isa = XCBuildConfiguration;
			buildSettings = {
				ALWAYS_SEARCH_USER_PATHS = YES;
				CLANG_ANALYZER_NONNULL = YES;
				CLANG_CXX_LANGUAGE_STANDARD = "gnu++0x";
				CLANG_CXX_LIBRARY = "libc++";
				CLANG_ENABLE_MODULES = YES;
				CLANG_ENABLE_OBJC_ARC = YES;
				CLANG_WARN_BOOL_CONVERSION = YES;
				CLANG_WARN_CONSTANT_CONVERSION = YES;
				CLANG_WARN_DIRECT_OBJC_ISA_USAGE = YES_ERROR;
				CLANG_WARN_EMPTY_BODY = YES;
				CLANG_WARN_ENUM_CONVERSION = YES;
				CLANG_WARN_INFINITE_RECURSION = YES;
				CLANG_WARN_INT_CONVERSION = YES;
				CLANG_WARN_OBJC_ROOT_CLASS = YES_ERROR;
				CLANG_WARN_SUSPICIOUS_MOVE = YES;
				CLANG_WARN_UNREACHABLE_CODE = YES;
				CLANG_WARN__DUPLICATE_METHOD_MATCH = YES;
				"CODE_SIGN_IDENTITY[sdk=iphoneos*]" = "iPhone Developer";
				COPY_PHASE_STRIP = NO;
				DEBUG_INFORMATION_FORMAT = "dwarf-with-dsym";
				ENABLE_NS_ASSERTIONS = NO;
				ENABLE_STRICT_OBJC_MSGSEND = YES;
				FRAMEWORK_SEARCH_PATHS = "";
				GCC_C_LANGUAGE_STANDARD = gnu99;
				GCC_NO_COMMON_BLOCKS = YES;
				GCC_WARN_64_TO_32_BIT_CONVERSION = YES;
				GCC_WARN_ABOUT_RETURN_TYPE = YES_ERROR;
				GCC_WARN_UNDECLARED_SELECTOR = YES;
				GCC_WARN_UNINITIALIZED_AUTOS = YES_AGGRESSIVE;
				GCC_WARN_UNUSED_FUNCTION = YES;
				GCC_WARN_UNUSED_VARIABLE = YES;
				IPHONEOS_DEPLOYMENT_TARGET = 9.3;
				MTL_ENABLE_DEBUG_INFO = NO;
				SDKROOT = iphoneos;
				VALIDATE_PRODUCT = YES;
			};
			name = Release;
		};
		5B87DC3F1D503F5B002B34B4 /* Debug */ = {
			isa = XCBuildConfiguration;
			baseConfigurationReference = 207E7C4E7EC31CADAF6DA1FD /* Pods-StrangerThingsGIFMaker.debug.xcconfig */;
			buildSettings = {
				ASSETCATALOG_COMPILER_APPICON_NAME = AppIcon;
				FRAMEWORK_SEARCH_PATHS = (
					"$(inherited)",
					"$(PROJECT_DIR)/StrangerThingsGIFMaker",
				);
				INFOPLIST_FILE = StrangerThingsGIFMaker/Info.plist;
				IPHONEOS_DEPLOYMENT_TARGET = 8.0;
				LD_RUNPATH_SEARCH_PATHS = "$(inherited) @executable_path/Frameworks";
				PRODUCT_BUNDLE_IDENTIFIER = com.WorldOfClouds.StrangerThingsGIFMaker;
				PRODUCT_NAME = "$(TARGET_NAME)";
			};
			name = Debug;
		};
		5B87DC401D503F5B002B34B4 /* Release */ = {
			isa = XCBuildConfiguration;
			baseConfigurationReference = D8CD6391B9B355721F92C718 /* Pods-StrangerThingsGIFMaker.release.xcconfig */;
			buildSettings = {
				ASSETCATALOG_COMPILER_APPICON_NAME = AppIcon;
				FRAMEWORK_SEARCH_PATHS = (
					"$(inherited)",
					"$(PROJECT_DIR)/StrangerThingsGIFMaker",
				);
				INFOPLIST_FILE = StrangerThingsGIFMaker/Info.plist;
				IPHONEOS_DEPLOYMENT_TARGET = 8.0;
				LD_RUNPATH_SEARCH_PATHS = "$(inherited) @executable_path/Frameworks";
				PRODUCT_BUNDLE_IDENTIFIER = com.WorldOfClouds.StrangerThingsGIFMaker;
				PRODUCT_NAME = "$(TARGET_NAME)";
			};
			name = Release;
		};
/* End XCBuildConfiguration section */

/* Begin XCConfigurationList section */
		5B87DC221D503F5B002B34B4 /* Build configuration list for PBXProject "StrangerThingsGIFMaker" */ = {
			isa = XCConfigurationList;
			buildConfigurations = (
				5B87DC3C1D503F5B002B34B4 /* Debug */,
				5B87DC3D1D503F5B002B34B4 /* Release */,
			);
			defaultConfigurationIsVisible = 0;
			defaultConfigurationName = Release;
		};
		5B87DC3E1D503F5B002B34B4 /* Build configuration list for PBXNativeTarget "StrangerThingsGIFMaker" */ = {
			isa = XCConfigurationList;
			buildConfigurations = (
				5B87DC3F1D503F5B002B34B4 /* Debug */,
				5B87DC401D503F5B002B34B4 /* Release */,
			);
			defaultConfigurationIsVisible = 0;
			defaultConfigurationName = Release;
		};
/* End XCConfigurationList section */
	};
	rootObject = 5B87DC1F1D503F5B002B34B4 /* Project object */;
}
